# This file is automatically @generated by Cargo.
# It is not intended for manual editing.
[[package]]
name = "autocfg"
version = "0.1.7"
source = "registry+https://github.com/rust-lang/crates.io-index"

[[package]]
name = "c2rust-asm-casts"
version = "0.1.1"
source = "registry+https://github.com/rust-lang/crates.io-index"

[[package]]
name = "c2rust-bitfields"
version = "0.3.0"
source = "registry+https://github.com/rust-lang/crates.io-index"
dependencies = [
 "c2rust-bitfields-derive 0.2.0 (registry+https://github.com/rust-lang/crates.io-index)",
]

[[package]]
name = "c2rust-bitfields-derive"
version = "0.2.0"
source = "registry+https://github.com/rust-lang/crates.io-index"
dependencies = [
 "quote 0.6.13 (registry+https://github.com/rust-lang/crates.io-index)",
 "syn 0.15.44 (registry+https://github.com/rust-lang/crates.io-index)",
]

[[package]]
name = "cc"
version = "1.0.47"
source = "registry+https://github.com/rust-lang/crates.io-index"

[[package]]
name = "f128"
version = "0.2.6"
source = "registry+https://github.com/rust-lang/crates.io-index"
dependencies = [
 "f128_input 0.2.1 (registry+https://github.com/rust-lang/crates.io-index)",
 "f128_internal 0.2.1 (registry+https://github.com/rust-lang/crates.io-index)",
 "libc 0.2.65 (registry+https://github.com/rust-lang/crates.io-index)",
 "num-traits 0.2.9 (registry+https://github.com/rust-lang/crates.io-index)",
]

[[package]]
name = "f128_input"
version = "0.2.1"
source = "registry+https://github.com/rust-lang/crates.io-index"
dependencies = [
 "f128_internal 0.2.1 (registry+https://github.com/rust-lang/crates.io-index)",
]

[[package]]
name = "f128_internal"
version = "0.2.1"
source = "registry+https://github.com/rust-lang/crates.io-index"
dependencies = [
 "cc 1.0.47 (registry+https://github.com/rust-lang/crates.io-index)",
 "libc 0.2.65 (registry+https://github.com/rust-lang/crates.io-index)",
 "num-traits 0.2.9 (registry+https://github.com/rust-lang/crates.io-index)",
]

[[package]]
name = "lazy_static"
version = "1.4.0"
source = "registry+https://github.com/rust-lang/crates.io-index"

[[package]]
name = "libc"
version = "0.2.65"
source = "registry+https://github.com/rust-lang/crates.io-index"

[[package]]
name = "num-traits"
version = "0.2.9"
source = "registry+https://github.com/rust-lang/crates.io-index"
dependencies = [
 "autocfg 0.1.7 (registry+https://github.com/rust-lang/crates.io-index)",
]

[[package]]
name = "proc-macro2"
version = "0.4.30"
source = "registry+https://github.com/rust-lang/crates.io-index"
dependencies = [
 "unicode-xid 0.1.0 (registry+https://github.com/rust-lang/crates.io-index)",
]

[[package]]
name = "quote"
version = "0.6.13"
source = "registry+https://github.com/rust-lang/crates.io-index"
dependencies = [
 "proc-macro2 0.4.30 (registry+https://github.com/rust-lang/crates.io-index)",
]

[[package]]
name = "rustybox"
version = "0.0.0"
dependencies = [
 "c2rust-asm-casts 0.1.1 (registry+https://github.com/rust-lang/crates.io-index)",
 "c2rust-bitfields 0.3.0 (registry+https://github.com/rust-lang/crates.io-index)",
 "f128 0.2.6 (registry+https://github.com/rust-lang/crates.io-index)",
 "lazy_static 1.4.0 (registry+https://github.com/rust-lang/crates.io-index)",
 "libc 0.2.65 (registry+https://github.com/rust-lang/crates.io-index)",
]

[[package]]
name = "syn"
version = "0.15.44"
source = "registry+https://github.com/rust-lang/crates.io-index"
dependencies = [
 "proc-macro2 0.4.30 (registry+https://github.com/rust-lang/crates.io-index)",
 "quote 0.6.13 (registry+https://github.com/rust-lang/crates.io-index)",
 "unicode-xid 0.1.0 (registry+https://github.com/rust-lang/crates.io-index)",
]

[[package]]
name = "unicode-xid"
version = "0.1.0"
source = "registry+https://github.com/rust-lang/crates.io-index"

[metadata]
"checksum autocfg 0.1.7 (registry+https://github.com/rust-lang/crates.io-index)" = "1d49d90015b3c36167a20fe2810c5cd875ad504b39cff3d4eae7977e6b7c1cb2"
"checksum c2rust-asm-casts 0.1.1 (registry+https://github.com/rust-lang/crates.io-index)" = "61da1bee28b8e078a668885d6424a14fd0ea6a6b2646fdf4e44bda702df3fad8"
"checksum c2rust-bitfields 0.3.0 (registry+https://github.com/rust-lang/crates.io-index)" = "eb34f0c0ace43530b2df7f18bc69ee0c4082158aa451ece29602f8c841e73764"
"checksum c2rust-bitfields-derive 0.2.0 (registry+https://github.com/rust-lang/crates.io-index)" = "e435559e4c01dc6a7b59afe1a9f3a30446954426347dc20dfb32950d303ed3b5"
"checksum cc 1.0.47 (registry+https://github.com/rust-lang/crates.io-index)" = "aa87058dce70a3ff5621797f1506cb837edd02ac4c0ae642b4542dce802908b8"
"checksum f128 0.2.6 (registry+https://github.com/rust-lang/crates.io-index)" = "f8bde88a633e45e0b19507b25a74c524ef3343ce820026268b48a2f87b5a2c5a"
"checksum f128_input 0.2.1 (registry+https://github.com/rust-lang/crates.io-index)" = "18a821a6f74745607a8c99c932a8f513e6e7d6ee63725ec95511edf4a94510bb"
"checksum f128_internal 0.2.1 (registry+https://github.com/rust-lang/crates.io-index)" = "d56fd9f07adbb53e3693a4602ad2e45bbd0015d6902a51dc57f01cd7333abafb"
"checksum lazy_static 1.4.0 (registry+https://github.com/rust-lang/crates.io-index)" = "e2abad23fbc42b3700f2f279844dc832adb2b2eb069b2df918f455c4e18cc646"
"checksum libc 0.2.65 (registry+https://github.com/rust-lang/crates.io-index)" = "1a31a0627fdf1f6a39ec0dd577e101440b7db22672c0901fe00a9a6fbb5c24e8"
"checksum num-traits 0.2.9 (registry+https://github.com/rust-lang/crates.io-index)" = "443c53b3c3531dfcbfa499d8893944db78474ad7a1d87fa2d94d1a2231693ac6"
"checksum proc-macro2 0.4.30 (registry+https://github.com/rust-lang/crates.io-index)" = "cf3d2011ab5c909338f7887f4fc896d35932e29146c12c8d01da6b22a80ba759"
"checksum quote 0.6.13 (registry+https://github.com/rust-lang/crates.io-index)" = "6ce23b6b870e8f94f81fb0a363d65d86675884b34a09043c81e5562f11c1f8e1"
"checksum syn 0.15.44 (registry+https://github.com/rust-lang/crates.io-index)" = "9ca4b3b69a77cbe1ffc9e198781b7acb0c7365a883670e8f1c1bc66fba79a5c5"
"checksum unicode-xid 0.1.0 (registry+https://github.com/rust-lang/crates.io-index)" = "fc72304796d0818e357ead4e000d19c9c174ab23dc11093ac919054d20a6a7fc"
